Microsoft Visual Studio Solution File, Format Version 12.00
# Visual Studio 2012
Project("{FAE04EC0-301F-11D3-BF4B-00C04F79EFBC}") = "Garden-blade", "Garden-blade.csproj", "{B58E789E-E4FA-4149-9C10-115434F9901E}"
EndProject
Global
	GlobalSection(SolutionConfigurationPlatforms) = preSolution
	Debug|Any CPU = Debug|Any CPU
	ExportDebug|Any CPU = ExportDebug|Any CPU
	ExportRelease|Any CPU = ExportRelease|Any CPU
	EndGlobalSection
	GlobalSection(ProjectConfigurationPlatforms) = postSolution
		{B58E789E-E4FA-4149-9C10-115434F9901E}.Debug|Any CPU.ActiveCfg = Debug|Any CPU
		{B58E789E-E4FA-4149-9C10-115434F9901E}.Debug|Any CPU.Build.0 = Debug|Any CPU
		{B58E789E-E4FA-4149-9C10-115434F9901E}.ExportDebug|Any CPU.ActiveCfg = ExportDebug|Any CPU
		{B58E789E-E4FA-4149-9C10-115434F9901E}.ExportDebug|Any CPU.Build.0 = ExportDebug|Any CPU
		{B58E789E-E4FA-4149-9C10-115434F9901E}.ExportRelease|Any CPU.ActiveCfg = ExportRelease|Any CPU
		{B58E789E-E4FA-4149-9C10-115434F9901E}.ExportRelease|Any CPU.Build.0 = ExportRelease|Any CPU
	EndGlobalSection
EndGlobal
